
Microsoft Visual Studio Solution File, Format Version 12.00
# Visual Studio Version 17
VisualStudioVersion = 17.5.002.0
MinimumVisualStudioVersion = 10.0.40219.1
Project("{9A19103F-16F7-4668-BE54-9A1E7A4F7556}") = "AoCSharp2023", "AoCSharp2023.csproj", "{B247DC00-E1FE-4C00-8BBA-E2AFF88561FA}"
EndProject
Global
	GlobalSection(SolutionConfigurationPlatforms) = preSolution
		Debug|Any CPU = Debug|Any CPU
		Release|Any CPU = Release|Any CPU
	EndGlobalSection
	GlobalSection(ProjectConfigurationPlatforms) = postSolution
		{B247DC00-E1FE-4C00-8BBA-E2AFF88561FA}.Debug|Any CPU.ActiveCfg = Debug|Any CPU
		{B247DC00-E1FE-4C00-8BBA-E2AFF88561FA}.Debug|Any CPU.Build.0 = Debug|Any CPU
		{B247DC00-E1FE-4C00-8BBA-E2AFF88561FA}.Release|Any CPU.ActiveCfg = Release|Any CPU
		{B247DC00-E1FE-4C00-8BBA-E2AFF88561FA}.Release|Any CPU.Build.0 = Release|Any CPU
	EndGlobalSection
	GlobalSection(SolutionProperties) = preSolution
		HideSolutionNode = FALSE
	EndGlobalSection
	GlobalSection(ExtensibilityGlobals) = postSolution
		SolutionGuid = {5CB26190-3597-4E47-B330-7C25BA34B065}
	EndGlobalSection
EndGlobal
